id: itais_corr_est_cc
label: corr_est_cc
category: '[itais]'

templates:
  imports: import itais, digital
  make: itais.corr_est_cc(digital.modulate_vector_bc(digital.gmsk_mod(5, 0.4).to_basic_block(), [1, 1, 0, 0]*7, [1]), 5, 1, 0.9)

#  Make one 'parameters' list entry for every parameter you want settable from the GUI.
#     Keys include:
#     * id (makes the value accessible as \$keyname, e.g. in the make entry)
#     * label (label shown in the GUI)
#     * dtype (e.g. int, float, complex, byte, short, xxx_vector, ...)
parameters:

inputs:
- label: ...
  domain: ...
  dtype: ...
  vlen: ...
  optional: ...

outputs:
- label: ...
  domain: ...
  dtype: ...
  vlen: ...
  optional: ...

#  'file_format' specifies the version of the GRC yml format used in the file
#  and should usually not be changed.
file_format: 1
